// !$*UTF8*$!
{
	archiveVersion = 1;
	classes = {
	};
	objectVersion = 46;
	objects = {

/* Begin PBXAggregateTarget section */
		"RxGramAPI::RxGramAPIPackageTests::ProductTarget" /* RxGramAPIPackageTests */ = {
			isa = PBXAggregateTarget;
			buildConfigurationList = OBJ_103 /* Build configuration list for PBXAggregateTarget "RxGramAPIPackageTests" */;
			buildPhases = (
			);
			dependencies = (
				OBJ_106 /* PBXTargetDependency */,
			);
			name = RxGramAPIPackageTests;
			productName = RxGramAPIPackageTests;
		};
/* End PBXAggregateTarget section */

/* Begin PBXBuildFile section */
		OBJ_101 /* Package.swift in Sources */ = {isa = PBXBuildFile; fileRef = OBJ_6 /* Package.swift */; };
		OBJ_112 /* RxGramAPITests.swift in Sources */ = {isa = PBXBuildFile; fileRef = OBJ_22 /* RxGramAPITests.swift */; };
		OBJ_114 /* RxGramAPI.framework in Frameworks */ = {isa = PBXBuildFile; fileRef = "RxGramAPI::RxGramAPI::Product" /* RxGramAPI.framework */; };
		OBJ_115 /* Alamofire.framework in Frameworks */ = {isa = PBXBuildFile; fileRef = "Alamofire::Alamofire::Product" /* Alamofire.framework */; };
		OBJ_54 /* AFError.swift in Sources */ = {isa = PBXBuildFile; fileRef = OBJ_28 /* AFError.swift */; };
		OBJ_55 /* Alamofire.swift in Sources */ = {isa = PBXBuildFile; fileRef = OBJ_29 /* Alamofire.swift */; };
		OBJ_56 /* DispatchQueue+Alamofire.swift in Sources */ = {isa = PBXBuildFile; fileRef = OBJ_30 /* DispatchQueue+Alamofire.swift */; };
		OBJ_57 /* MultipartFormData.swift in Sources */ = {isa = PBXBuildFile; fileRef = OBJ_31 /* MultipartFormData.swift */; };
		OBJ_58 /* NetworkReachabilityManager.swift in Sources */ = {isa = PBXBuildFile; fileRef = OBJ_32 /* NetworkReachabilityManager.swift */; };
		OBJ_59 /* Notifications.swift in Sources */ = {isa = PBXBuildFile; fileRef = OBJ_33 /* Notifications.swift */; };
		OBJ_60 /* ParameterEncoding.swift in Sources */ = {isa = PBXBuildFile; fileRef = OBJ_34 /* ParameterEncoding.swift */; };
		OBJ_61 /* Request.swift in Sources */ = {isa = PBXBuildFile; fileRef = OBJ_35 /* Request.swift */; };
		OBJ_62 /* Response.swift in Sources */ = {isa = PBXBuildFile; fileRef = OBJ_36 /* Response.swift */; };
		OBJ_63 /* ResponseSerialization.swift in Sources */ = {isa = PBXBuildFile; fileRef = OBJ_37 /* ResponseSerialization.swift */; };
		OBJ_64 /* Result.swift in Sources */ = {isa = PBXBuildFile; fileRef = OBJ_38 /* Result.swift */; };
		OBJ_65 /* ServerTrustPolicy.swift in Sources */ = {isa = PBXBuildFile; fileRef = OBJ_39 /* ServerTrustPolicy.swift */; };
		OBJ_66 /* SessionDelegate.swift in Sources */ = {isa = PBXBuildFile; fileRef = OBJ_40 /* SessionDelegate.swift */; };
		OBJ_67 /* SessionManager.swift in Sources */ = {isa = PBXBuildFile; fileRef = OBJ_41 /* SessionManager.swift */; };
		OBJ_68 /* TaskDelegate.swift in Sources */ = {isa = PBXBuildFile; fileRef = OBJ_42 /* TaskDelegate.swift */; };
		OBJ_69 /* Timeline.swift in Sources */ = {isa = PBXBuildFile; fileRef = OBJ_43 /* Timeline.swift */; };
		OBJ_70 /* Validation.swift in Sources */ = {isa = PBXBuildFile; fileRef = OBJ_44 /* Validation.swift */; };
		OBJ_77 /* Package.swift in Sources */ = {isa = PBXBuildFile; fileRef = OBJ_27 /* Package.swift */; };
		OBJ_83 /* Comment.swift in Sources */ = {isa = PBXBuildFile; fileRef = OBJ_9 /* Comment.swift */; };
		OBJ_84 /* Media.swift in Sources */ = {isa = PBXBuildFile; fileRef = OBJ_10 /* Media.swift */; };
		OBJ_85 /* User.swift in Sources */ = {isa = PBXBuildFile; fileRef = OBJ_11 /* User.swift */; };
		OBJ_86 /* Network.swift in Sources */ = {isa = PBXBuildFile; fileRef = OBJ_12 /* Network.swift */; };
		OBJ_87 /* InstaConst.swift in Sources */ = {isa = PBXBuildFile; fileRef = OBJ_14 /* InstaConst.swift */; };
		OBJ_88 /* Instagram+Comment.swift in Sources */ = {isa = PBXBuildFile; fileRef = OBJ_15 /* Instagram+Comment.swift */; };
		OBJ_89 /* Instagram+Media.swift in Sources */ = {isa = PBXBuildFile; fileRef = OBJ_16 /* Instagram+Media.swift */; };
		OBJ_90 /* Instagram+User.swift in Sources */ = {isa = PBXBuildFile; fileRef = OBJ_17 /* Instagram+User.swift */; };
		OBJ_91 /* Routes.swift in Sources */ = {isa = PBXBuildFile; fileRef = OBJ_18 /* Routes.swift */; };
		OBJ_92 /* RxGramAPI.swift in Sources */ = {isa = PBXBuildFile; fileRef = OBJ_19 /* RxGramAPI.swift */; };
		OBJ_94 /* Alamofire.framework in Frameworks */ = {isa = PBXBuildFile; fileRef = "Alamofire::Alamofire::Product" /* Alamofire.framework */; };
/* End PBXBuildFile section */

/* Begin PBXContainerItemProxy section */
		4ACEC007220610EE0059B042 /* PBXContainerItemProxy */ = {
			isa = PBXContainerItemProxy;
			containerPortal = OBJ_1 /* Project object */;
			proxyType = 1;
			remoteGlobalIDString = "Alamofire::Alamofire";
			remoteInfo = Alamofire;
		};
		4ACEC008220610EE0059B042 /* PBXContainerItemProxy */ = {
			isa = PBXContainerItemProxy;
			containerPortal = OBJ_1 /* Project object */;
			proxyType = 1;
			remoteGlobalIDString = "RxGramAPI::RxGramAPI";
			remoteInfo = RxGramAPI;
		};
		4ACEC009220610EE0059B042 /* PBXContainerItemProxy */ = {
			isa = PBXContainerItemProxy;
			containerPortal = OBJ_1 /* Project object */;
			proxyType = 1;
			remoteGlobalIDString = "Alamofire::Alamofire";
			remoteInfo = Alamofire;
		};
		4ACEC00A220610EE0059B042 /* PBXContainerItemProxy */ = {
			isa = PBXContainerItemProxy;
			containerPortal = OBJ_1 /* Project object */;
			proxyType = 1;
			remoteGlobalIDString = "RxGramAPI::RxGramAPITests";
			remoteInfo = RxGramAPITests;
		};
/* End PBXContainerItemProxy section */

/* Begin PBXFileReference section */
		"Alamofire::Alamofire::Product" /* Alamofire.framework */ = {isa = PBXFileReference; lastKnownFileType = wrapper.framework; path = Alamofire.framework; sourceTree = BUILT_PRODUCTS_DIR; };
		OBJ_10 /* Media.swift */ = {isa = PBXFileReference; lastKnownFileType = sourcecode.swift; path = Media.swift; sourceTree = "<group>"; };
		OBJ_11 /* User.swift */ = {isa = PBXFileReference; lastKnownFileType = sourcecode.swift; path = User.swift; sourceTree = "<group>"; };
		OBJ_12 /* Network.swift */ = {isa = PBXFileReference; lastKnownFileType = sourcecode.swift; path = Network.swift; sourceTree = "<group>"; };
		OBJ_14 /* InstaConst.swift */ = {isa = PBXFileReference; lastKnownFileType = sourcecode.swift; path = InstaConst.swift; sourceTree = "<group>"; };
		OBJ_15 /* Instagram+Comment.swift */ = {isa = PBXFileReference; lastKnownFileType = sourcecode.swift; path = "Instagram+Comment.swift"; sourceTree = "<group>"; };
		OBJ_16 /* Instagram+Media.swift */ = {isa = PBXFileReference; lastKnownFileType = sourcecode.swift; path = "Instagram+Media.swift"; sourceTree = "<group>"; };
		OBJ_17 /* Instagram+User.swift */ = {isa = PBXFileReference; lastKnownFileType = sourcecode.swift; path = "Instagram+User.swift"; sourceTree = "<group>"; };
		OBJ_18 /* Routes.swift */ = {isa = PBXFileReference; lastKnownFileType = sourcecode.swift; path = Routes.swift; sourceTree = "<group>"; };
		OBJ_19 /* RxGramAPI.swift */ = {isa = PBXFileReference; lastKnownFileType = sourcecode.swift; path = RxGramAPI.swift; sourceTree = "<group>"; };
		OBJ_22 /* RxGramAPITests.swift */ = {isa = PBXFileReference; lastKnownFileType = sourcecode.swift; path = RxGramAPITests.swift; sourceTree = "<group>"; };
		OBJ_23 /* Configs */ = {isa = PBXFileReference; lastKnownFileType = folder; path = Configs; sourceTree = SOURCE_ROOT; };
		OBJ_24 /* fastlane */ = {isa = PBXFileReference; lastKnownFileType = folder; path = fastlane; sourceTree = SOURCE_ROOT; };
		OBJ_27 /* Package.swift */ = {isa = PBXFileReference; explicitFileType = sourcecode.swift; name = Package.swift; path = "/Users/kmachado/Documents/Perso/InstagramAPI/.build/checkouts/Alamofire.git--2509995442713554942/Package.swift"; sourceTree = "<group>"; };
		OBJ_28 /* AFError.swift */ = {isa = PBXFileReference; lastKnownFileType = sourcecode.swift; path = AFError.swift; sourceTree = "<group>"; };
		OBJ_29 /* Alamofire.swift */ = {isa = PBXFileReference; lastKnownFileType = sourcecode.swift; path = Alamofire.swift; sourceTree = "<group>"; };
		OBJ_30 /* DispatchQueue+Alamofire.swift */ = {isa = PBXFileReference; lastKnownFileType = sourcecode.swift; path = "DispatchQueue+Alamofire.swift"; sourceTree = "<group>"; };
		OBJ_31 /* MultipartFormData.swift */ = {isa = PBXFileReference; lastKnownFileType = sourcecode.swift; path = MultipartFormData.swift; sourceTree = "<group>"; };
		OBJ_32 /* NetworkReachabilityManager.swift */ = {isa = PBXFileReference; lastKnownFileType = sourcecode.swift; path = NetworkReachabilityManager.swift; sourceTree = "<group>"; };
		OBJ_33 /* Notifications.swift */ = {isa = PBXFileReference; lastKnownFileType = sourcecode.swift; path = Notifications.swift; sourceTree = "<group>"; };
		OBJ_34 /* ParameterEncoding.swift */ = {isa = PBXFileReference; lastKnownFileType = sourcecode.swift; path = ParameterEncoding.swift; sourceTree = "<group>"; };
		OBJ_35 /* Request.swift */ = {isa = PBXFileReference; lastKnownFileType = sourcecode.swift; path = Request.swift; sourceTree = "<group>"; };
		OBJ_36 /* Response.swift */ = {isa = PBXFileReference; lastKnownFileType = sourcecode.swift; path = Response.swift; sourceTree = "<group>"; };
		OBJ_37 /* ResponseSerialization.swift */ = {isa = PBXFileReference; lastKnownFileType = sourcecode.swift; path = ResponseSerialization.swift; sourceTree = "<group>"; };
		OBJ_38 /* Result.swift */ = {isa = PBXFileReference; lastKnownFileType = sourcecode.swift; path = Result.swift; sourceTree = "<group>"; };
		OBJ_39 /* ServerTrustPolicy.swift */ = {isa = PBXFileReference; lastKnownFileType = sourcecode.swift; path = ServerTrustPolicy.swift; sourceTree = "<group>"; };
		OBJ_40 /* SessionDelegate.swift */ = {isa = PBXFileReference; lastKnownFileType = sourcecode.swift; path = SessionDelegate.swift; sourceTree = "<group>"; };
		OBJ_41 /* SessionManager.swift */ = {isa = PBXFileReference; lastKnownFileType = sourcecode.swift; path = SessionManager.swift; sourceTree = "<group>"; };
		OBJ_42 /* TaskDelegate.swift */ = {isa = PBXFileReference; lastKnownFileType = sourcecode.swift; path = TaskDelegate.swift; sourceTree = "<group>"; };
		OBJ_43 /* Timeline.swift */ = {isa = PBXFileReference; lastKnownFileType = sourcecode.swift; path = Timeline.swift; sourceTree = "<group>"; };
		OBJ_44 /* Validation.swift */ = {isa = PBXFileReference; lastKnownFileType = sourcecode.swift; path = Validation.swift; sourceTree = "<group>"; };
		OBJ_6 /* Package.swift */ = {isa = PBXFileReference; explicitFileType = sourcecode.swift; path = Package.swift; sourceTree = "<group>"; };
		OBJ_9 /* Comment.swift */ = {isa = PBXFileReference; lastKnownFileType = sourcecode.swift; path = Comment.swift; sourceTree = "<group>"; };
		"RxGramAPI::RxGramAPI::Product" /* RxGramAPI.framework */ = {isa = PBXFileReference; lastKnownFileType = wrapper.framework; path = RxGramAPI.framework; sourceTree = BUILT_PRODUCTS_DIR; };
		"RxGramAPI::RxGramAPITests::Product" /* RxGramAPITests.xctest */ = {isa = PBXFileReference; lastKnownFileType = file; path = RxGramAPITests.xctest; sourceTree = BUILT_PRODUCTS_DIR; };
/* End PBXFileReference section */

/* Begin PBXFrameworksBuildPhase section */
		OBJ_113 /* Frameworks */ = {
			isa = PBXFrameworksBuildPhase;
			buildActionMask = 0;
			files = (
				OBJ_114 /* RxGramAPI.framework in Frameworks */,
				OBJ_115 /* Alamofire.framework in Frameworks */,
			);
			runOnlyForDeploymentPostprocessing = 0;
		};
		OBJ_71 /* Frameworks */ = {
			isa = PBXFrameworksBuildPhase;
			buildActionMask = 0;
			files = (
			);
			runOnlyForDeploymentPostprocessing = 0;
		};
		OBJ_93 /* Frameworks */ = {
			isa = PBXFrameworksBuildPhase;
			buildActionMask = 0;
			files = (
				OBJ_94 /* Alamofire.framework in Frameworks */,
			);
			runOnlyForDeploymentPostprocessing = 0;
		};
/* End PBXFrameworksBuildPhase section */

/* Begin PBXGroup section */
		4ACEC00B220611050059B042 /* NetworkLayer */ = {
			isa = PBXGroup;
			children = (
				OBJ_13 /* Routes */,
				OBJ_12 /* Network.swift */,
			);
			path = NetworkLayer;
			sourceTree = "<group>";
		};
		OBJ_13 /* Routes */ = {
			isa = PBXGroup;
			children = (
				OBJ_14 /* InstaConst.swift */,
				OBJ_15 /* Instagram+Comment.swift */,
				OBJ_16 /* Instagram+Media.swift */,
				OBJ_17 /* Instagram+User.swift */,
				OBJ_18 /* Routes.swift */,
			);
			path = Routes;
			sourceTree = "<group>";
		};
		OBJ_20 /* Tests */ = {
			isa = PBXGroup;
			children = (
				OBJ_21 /* RxGramAPITests */,
			);
			path = Tests;
			sourceTree = SOURCE_ROOT;
		};
		OBJ_21 /* RxGramAPITests */ = {
			isa = PBXGroup;
			children = (
				OBJ_22 /* RxGramAPITests.swift */,
			);
			path = RxGramAPITests;
			sourceTree = "<group>";
		};
		OBJ_25 /* Dependencies */ = {
			isa = PBXGroup;
			children = (
				OBJ_26 /* Alamofire 4.8.1 */,
			);
			name = Dependencies;
			sourceTree = "<group>";
		};
		OBJ_26 /* Alamofire 4.8.1 */ = {
			isa = PBXGroup;
			children = (
				OBJ_27 /* Package.swift */,
				OBJ_28 /* AFError.swift */,
				OBJ_29 /* Alamofire.swift */,
				OBJ_30 /* DispatchQueue+Alamofire.swift */,
				OBJ_31 /* MultipartFormData.swift */,
				OBJ_32 /* NetworkReachabilityManager.swift */,
				OBJ_33 /* Notifications.swift */,
				OBJ_34 /* ParameterEncoding.swift */,
				OBJ_35 /* Request.swift */,
				OBJ_36 /* Response.swift */,
				OBJ_37 /* ResponseSerialization.swift */,
				OBJ_38 /* Result.swift */,
				OBJ_39 /* ServerTrustPolicy.swift */,
				OBJ_40 /* SessionDelegate.swift */,
				OBJ_41 /* SessionManager.swift */,
				OBJ_42 /* TaskDelegate.swift */,
				OBJ_43 /* Timeline.swift */,
				OBJ_44 /* Validation.swift */,
			);
			name = "Alamofire 4.8.1";
			path = ".build/checkouts/Alamofire.git--2509995442713554942/Source";
			sourceTree = SOURCE_ROOT;
		};
		OBJ_45 /* Products */ = {
			isa = PBXGroup;
			children = (
				"Alamofire::Alamofire::Product" /* Alamofire.framework */,
				"RxGramAPI::RxGramAPI::Product" /* RxGramAPI.framework */,
				"RxGramAPI::RxGramAPITests::Product" /* RxGramAPITests.xctest */,
			);
			name = Products;
			sourceTree = BUILT_PRODUCTS_DIR;
		};
		OBJ_5 = {
			isa = PBXGroup;
			children = (
				OBJ_6 /* Package.swift */,
				OBJ_7 /* Sources */,
				OBJ_20 /* Tests */,
				OBJ_23 /* Configs */,
				OBJ_24 /* fastlane */,
				OBJ_25 /* Dependencies */,
				OBJ_45 /* Products */,
			);
			sourceTree = "<group>";
		};
		OBJ_7 /* Sources */ = {
			isa = PBXGroup;
			children = (
				OBJ_19 /* RxGramAPI.swift */,
				OBJ_8 /* Models */,
				4ACEC00B220611050059B042 /* NetworkLayer */,
			);
			path = Sources;
			sourceTree = SOURCE_ROOT;
		};
		OBJ_8 /* Models */ = {
			isa = PBXGroup;
			children = (
				OBJ_9 /* Comment.swift */,
				OBJ_10 /* Media.swift */,
				OBJ_11 /* User.swift */,
			);
			path = Models;
			sourceTree = "<group>";
		};
/* End PBXGroup section */

/* Begin PBXNativeTarget section */
		"Alamofire::Alamofire" /* Alamofire */ = {
			isa = PBXNativeTarget;
			buildConfigurationList = OBJ_50 /* Build configuration list for PBXNativeTarget "Alamofire" */;
			buildPhases = (
				OBJ_53 /* Sources */,
				OBJ_71 /* Frameworks */,
			);
			buildRules = (
			);
			dependencies = (
			);
			name = Alamofire;
			productName = Alamofire;
			productReference = "Alamofire::Alamofire::Product" /* Alamofire.framework */;
			productType = "com.apple.product-type.framework";
		};
		"Alamofire::SwiftPMPackageDescription" /* AlamofirePackageDescription */ = {
			isa = PBXNativeTarget;
			buildConfigurationList = OBJ_73 /* Build configuration list for PBXNativeTarget "AlamofirePackageDescription" */;
			buildPhases = (
				OBJ_76 /* Sources */,
			);
			buildRules = (
			);
			dependencies = (
			);
			name = AlamofirePackageDescription;
			productName = AlamofirePackageDescription;
			productType = "com.apple.product-type.framework";
		};
		"RxGramAPI::RxGramAPI" /* RxGramAPI */ = {
			isa = PBXNativeTarget;
			buildConfigurationList = OBJ_79 /* Build configuration list for PBXNativeTarget "RxGramAPI" */;
			buildPhases = (
				OBJ_82 /* Sources */,
				OBJ_93 /* Frameworks */,
			);
			buildRules = (
			);
			dependencies = (
				OBJ_95 /* PBXTargetDependency */,
			);
			name = RxGramAPI;
			productName = RxGramAPI;
			productReference = "RxGramAPI::RxGramAPI::Product" /* RxGramAPI.framework */;
			productType = "com.apple.product-type.framework";
		};
		"RxGramAPI::RxGramAPITests" /* RxGramAPITests */ = {
			isa = PBXNativeTarget;
			buildConfigurationList = OBJ_108 /* Build configuration list for PBXNativeTarget "RxGramAPITests" */;
			buildPhases = (
				OBJ_111 /* Sources */,
				OBJ_113 /* Frameworks */,
			);
			buildRules = (
			);
			dependencies = (
				OBJ_116 /* PBXTargetDependency */,
				OBJ_117 /* PBXTargetDependency */,
			);
			name = RxGramAPITests;
			productName = RxGramAPITests;
			productReference = "RxGramAPI::RxGramAPITests::Product" /* RxGramAPITests.xctest */;
			productType = "com.apple.product-type.bundle.unit-test";
		};
		"RxGramAPI::SwiftPMPackageDescription" /* RxGramAPIPackageDescription */ = {
			isa = PBXNativeTarget;
			buildConfigurationList = OBJ_97 /* Build configuration list for PBXNativeTarget "RxGramAPIPackageDescription" */;
			buildPhases = (
				OBJ_100 /* Sources */,
			);
			buildRules = (
			);
			dependencies = (
			);
			name = RxGramAPIPackageDescription;
			productName = RxGramAPIPackageDescription;
			productType = "com.apple.product-type.framework";
		};
/* End PBXNativeTarget section */

/* Begin PBXProject section */
		OBJ_1 /* Project object */ = {
			isa = PBXProject;
			attributes = {
				LastUpgradeCheck = 9999;
			};
			buildConfigurationList = OBJ_2 /* Build configuration list for PBXProject "RxGramAPI" */;
			compatibilityVersion = "Xcode 3.2";
			developmentRegion = English;
			hasScannedForEncodings = 0;
			knownRegions = (
				en,
			);
			mainGroup = OBJ_5;
			productRefGroup = OBJ_45 /* Products */;
			projectDirPath = "";
			projectRoot = "";
			targets = (
				"RxGramAPI::RxGramAPI" /* RxGramAPI */,
				"Alamofire::Alamofire" /* Alamofire */,
				"Alamofire::SwiftPMPackageDescription" /* AlamofirePackageDescription */,
				"RxGramAPI::SwiftPMPackageDescription" /* RxGramAPIPackageDescription */,
				"RxGramAPI::RxGramAPIPackageTests::ProductTarget" /* RxGramAPIPackageTests */,
				"RxGramAPI::RxGramAPITests" /* RxGramAPITests */,
			);
		};
/* End PBXProject section */

/* Begin PBXSourcesBuildPhase section */
		OBJ_100 /* Sources */ = {
			isa = PBXSourcesBuildPhase;
			buildActionMask = 0;
			files = (
				OBJ_101 /* Package.swift in Sources */,
			);
			runOnlyForDeploymentPostprocessing = 0;
		};
		OBJ_111 /* Sources */ = {
			isa = PBXSourcesBuildPhase;
			buildActionMask = 0;
			files = (
				OBJ_112 /* RxGramAPITests.swift in Sources */,
			);
			runOnlyForDeploymentPostprocessing = 0;
		};
		OBJ_53 /* Sources */ = {
			isa = PBXSourcesBuildPhase;
			buildActionMask = 0;
			files = (
				OBJ_54 /* AFError.swift in Sources */,
				OBJ_55 /* Alamofire.swift in Sources */,
				OBJ_56 /* DispatchQueue+Alamofire.swift in Sources */,
				OBJ_57 /* MultipartFormData.swift in Sources */,
				OBJ_58 /* NetworkReachabilityManager.swift in Sources */,
				OBJ_59 /* Notifications.swift in Sources */,
				OBJ_60 /* ParameterEncoding.swift in Sources */,
				OBJ_61 /* Request.swift in Sources */,
				OBJ_62 /* Response.swift in Sources */,
				OBJ_63 /* ResponseSerialization.swift in Sources */,
				OBJ_64 /* Result.swift in Sources */,
				OBJ_65 /* ServerTrustPolicy.swift in Sources */,
				OBJ_66 /* SessionDelegate.swift in Sources */,
				OBJ_67 /* SessionManager.swift in Sources */,
				OBJ_68 /* TaskDelegate.swift in Sources */,
				OBJ_69 /* Timeline.swift in Sources */,
				OBJ_70 /* Validation.swift in Sources */,
			);
			runOnlyForDeploymentPostprocessing = 0;
		};
		OBJ_76 /* Sources */ = {
			isa = PBXSourcesBuildPhase;
			buildActionMask = 0;
			files = (
				OBJ_77 /* Package.swift in Sources */,
			);
			runOnlyForDeploymentPostprocessing = 0;
		};
		OBJ_82 /* Sources */ = {
			isa = PBXSourcesBuildPhase;
			buildActionMask = 0;
			files = (
				OBJ_83 /* Comment.swift in Sources */,
				OBJ_84 /* Media.swift in Sources */,
				OBJ_85 /* User.swift in Sources */,
				OBJ_86 /* Network.swift in Sources */,
				OBJ_87 /* InstaConst.swift in Sources */,
				OBJ_88 /* Instagram+Comment.swift in Sources */,
				OBJ_89 /* Instagram+Media.swift in Sources */,
				OBJ_90 /* Instagram+User.swift in Sources */,
				OBJ_91 /* Routes.swift in Sources */,
				OBJ_92 /* RxGramAPI.swift in Sources */,
			);
			runOnlyForDeploymentPostprocessing = 0;
		};
/* End PBXSourcesBuildPhase section */

/* Begin PBXTargetDependency section */
		OBJ_106 /* PBXTargetDependency */ = {
			isa = PBXTargetDependency;
			target = "RxGramAPI::RxGramAPITests" /* RxGramAPITests */;
			targetProxy = 4ACEC00A220610EE0059B042 /* PBXContainerItemProxy */;
		};
		OBJ_116 /* PBXTargetDependency */ = {
			isa = PBXTargetDependency;
			target = "RxGramAPI::RxGramAPI" /* RxGramAPI */;
			targetProxy = 4ACEC008220610EE0059B042 /* PBXContainerItemProxy */;
		};
		OBJ_117 /* PBXTargetDependency */ = {
			isa = PBXTargetDependency;
			target = "Alamofire::Alamofire" /* Alamofire */;
			targetProxy = 4ACEC009220610EE0059B042 /* PBXContainerItemProxy */;
		};
		OBJ_95 /* PBXTargetDependency */ = {
			isa = PBXTargetDependency;
			target = "Alamofire::Alamofire" /* Alamofire */;
			targetProxy = 4ACEC007220610EE0059B042 /* PBXContainerItemProxy */;
		};
/* End PBXTargetDependency section */

/* Begin XCBuildConfiguration section */
		OBJ_104 /* Debug */ = {
			isa = XCBuildConfiguration;
			buildSettings = {
			};
			name = Debug;
		};
		OBJ_105 /* Release */ = {
			isa = XCBuildConfiguration;
			buildSettings = {
			};
			name = Release;
		};
		OBJ_109 /* Debug */ = {
			isa = XCBuildConfiguration;
			buildSettings = {
				CLANG_ENABLE_MODULES = YES;
				EMBEDDED_CONTENT_CONTAINS_SWIFT = YES;
				FRAMEWORK_SEARCH_PATHS = (
					"$(inherited)",
					"$(PLATFORM_DIR)/Developer/Library/Frameworks",
				);
				HEADER_SEARCH_PATHS = "$(inherited)";
				INFOPLIST_FILE = RxGramAPI.xcodeproj/RxGramAPITests_Info.plist;
				LD_RUNPATH_SEARCH_PATHS = "$(inherited) @loader_path/../Frameworks @loader_path/Frameworks";
				OTHER_CFLAGS = "$(inherited)";
				OTHER_LDFLAGS = "$(inherited)";
				OTHER_SWIFT_FLAGS = "$(inherited)";
				SWIFT_ACTIVE_COMPILATION_CONDITIONS = "$(inherited)";
				SWIFT_VERSION = 4.0;
				TARGET_NAME = RxGramAPITests;
			};
			name = Debug;
		};
		OBJ_110 /* Release */ = {
			isa = XCBuildConfiguration;
			buildSettings = {
				CLANG_ENABLE_MODULES = YES;
				EMBEDDED_CONTENT_CONTAINS_SWIFT = YES;
				FRAMEWORK_SEARCH_PATHS = (
					"$(inherited)",
					"$(PLATFORM_DIR)/Developer/Library/Frameworks",
				);
				HEADER_SEARCH_PATHS = "$(inherited)";
				INFOPLIST_FILE = RxGramAPI.xcodeproj/RxGramAPITests_Info.plist;
				LD_RUNPATH_SEARCH_PATHS = "$(inherited) @loader_path/../Frameworks @loader_path/Frameworks";
				OTHER_CFLAGS = "$(inherited)";
				OTHER_LDFLAGS = "$(inherited)";
				OTHER_SWIFT_FLAGS = "$(inherited)";
				SWIFT_ACTIVE_COMPILATION_CONDITIONS = "$(inherited)";
				SWIFT_VERSION = 4.0;
				TARGET_NAME = RxGramAPITests;
			};
			name = Release;
		};
		OBJ_3 /* Debug */ = {
			isa = XCBuildConfiguration;
			buildSettings = {
				CLANG_ENABLE_OBJC_ARC = YES;
				COMBINE_HIDPI_IMAGES = YES;
				COPY_PHASE_STRIP = NO;
				DEBUG_INFORMATION_FORMAT = dwarf;
				DYLIB_INSTALL_NAME_BASE = "@rpath";
				ENABLE_NS_ASSERTIONS = YES;
				GCC_OPTIMIZATION_LEVEL = 0;
				GCC_PREPROCESSOR_DEFINITIONS = (
					"DEBUG=1",
					"$(inherited)",
				);
				MACOSX_DEPLOYMENT_TARGET = 10.10;
				ONLY_ACTIVE_ARCH = YES;
				OTHER_SWIFT_FLAGS = "-DXcode";
				PRODUCT_NAME = "$(TARGET_NAME)";
				SDKROOT = macosx;
				SUPPORTED_PLATFORMS = "macosx iphoneos iphonesimulator appletvos appletvsimulator watchos watchsimulator";
				SWIFT_ACTIVE_COMPILATION_CONDITIONS = "SWIFT_PACKAGE DEBUG";
				SWIFT_OPTIMIZATION_LEVEL = "-Onone";
				USE_HEADERMAP = NO;
			};
			name = Debug;
		};
		OBJ_4 /* Release */ = {
			isa = XCBuildConfiguration;
			buildSettings = {
				CLANG_ENABLE_OBJC_ARC = YES;
				COMBINE_HIDPI_IMAGES = YES;
				COPY_PHASE_STRIP = YES;
				DEBUG_INFORMATION_FORMAT = "dwarf-with-dsym";
				DYLIB_INSTALL_NAME_BASE = "@rpath";
				GCC_OPTIMIZATION_LEVEL = s;
				MACOSX_DEPLOYMENT_TARGET = 10.10;
				OTHER_SWIFT_FLAGS = "-DXcode";
				PRODUCT_NAME = "$(TARGET_NAME)";
				SDKROOT = macosx;
				SUPPORTED_PLATFORMS = "macosx iphoneos iphonesimulator appletvos appletvsimulator watchos watchsimulator";
				SWIFT_ACTIVE_COMPILATION_CONDITIONS = SWIFT_PACKAGE;
				SWIFT_OPTIMIZATION_LEVEL = "-Owholemodule";
				USE_HEADERMAP = NO;
			};
			name = Release;
		};
		OBJ_51 /* Debug */ = {
			isa = XCBuildConfiguration;
			buildSettings = {
				ENABLE_TESTABILITY = YES;
				FRAMEWORK_SEARCH_PATHS = (
					"$(inherited)",
					"$(PLATFORM_DIR)/Developer/Library/Frameworks",
				);
				HEADER_SEARCH_PATHS = "$(inherited)";
				INFOPLIST_FILE = RxGramAPI.xcodeproj/Alamofire_Info.plist;
				LD_RUNPATH_SEARCH_PATHS = "$(inherited) $(TOOLCHAIN_DIR)/usr/lib/swift/macosx";
				OTHER_CFLAGS = "$(inherited)";
				OTHER_LDFLAGS = "$(inherited)";
				OTHER_SWIFT_FLAGS = "$(inherited)";
				PRODUCT_BUNDLE_IDENTIFIER = Alamofire;
				PRODUCT_MODULE_NAME = "$(TARGET_NAME:c99extidentifier)";
				PRODUCT_NAME = "$(TARGET_NAME:c99extidentifier)";
				SKIP_INSTALL = YES;
				SWIFT_ACTIVE_COMPILATION_CONDITIONS = "$(inherited)";
				SWIFT_VERSION = 4.0;
				TARGET_NAME = Alamofire;
			};
			name = Debug;
		};
		OBJ_52 /* Release */ = {
			isa = XCBuildConfiguration;
			buildSettings = {
				ENABLE_TESTABILITY = YES;
				FRAMEWORK_SEARCH_PATHS = (
					"$(inherited)",
					"$(PLATFORM_DIR)/Developer/Library/Frameworks",
				);
				HEADER_SEARCH_PATHS = "$(inherited)";
				INFOPLIST_FILE = RxGramAPI.xcodeproj/Alamofire_Info.plist;
				LD_RUNPATH_SEARCH_PATHS = "$(inherited) $(TOOLCHAIN_DIR)/usr/lib/swift/macosx";
				OTHER_CFLAGS = "$(inherited)";
				OTHER_LDFLAGS = "$(inherited)";
				OTHER_SWIFT_FLAGS = "$(inherited)";
				PRODUCT_BUNDLE_IDENTIFIER = Alamofire;
				PRODUCT_MODULE_NAME = "$(TARGET_NAME:c99extidentifier)";
				PRODUCT_NAME = "$(TARGET_NAME:c99extidentifier)";
				SKIP_INSTALL = YES;
				SWIFT_ACTIVE_COMPILATION_CONDITIONS = "$(inherited)";
				SWIFT_VERSION = 4.0;
				TARGET_NAME = Alamofire;
			};
			name = Release;
		};
		OBJ_74 /* Debug */ = {
			isa = XCBuildConfiguration;
			buildSettings = {
				LD = /usr/bin/true;
				OTHER_SWIFT_FLAGS = "-swift-version 4 -I $(TOOLCHAIN_DIR)/usr/lib/swift/pm/4 -target x86_64-apple-macosx10.10 -sdk /Applications/Xcode.app/Contents/Developer/Platforms/MacOSX.platform/Developer/SDKs/MacOSX10.14.sdk";
				SWIFT_VERSION = 4.0;
			};
			name = Debug;
		};
		OBJ_75 /* Release */ = {
			isa = XCBuildConfiguration;
			buildSettings = {
				LD = /usr/bin/true;
				OTHER_SWIFT_FLAGS = "-swift-version 4 -I $(TOOLCHAIN_DIR)/usr/lib/swift/pm/4 -target x86_64-apple-macosx10.10 -sdk /Applications/Xcode.app/Contents/Developer/Platforms/MacOSX.platform/Developer/SDKs/MacOSX10.14.sdk";
				SWIFT_VERSION = 4.0;
			};
			name = Release;
		};
		OBJ_80 /* Debug */ = {
			isa = XCBuildConfiguration;
			buildSettings = {
				ENABLE_TESTABILITY = YES;
				FRAMEWORK_SEARCH_PATHS = (
					"$(inherited)",
					"$(PLATFORM_DIR)/Developer/Library/Frameworks",
				);
				HEADER_SEARCH_PATHS = "$(inherited)";
				INFOPLIST_FILE = RxGramAPI.xcodeproj/RxGramAPI_Info.plist;
				LD_RUNPATH_SEARCH_PATHS = "$(inherited) $(TOOLCHAIN_DIR)/usr/lib/swift/macosx";
				OTHER_CFLAGS = "$(inherited)";
				OTHER_LDFLAGS = "$(inherited)";
				OTHER_SWIFT_FLAGS = "$(inherited)";
				PRODUCT_BUNDLE_IDENTIFIER = RxGramAPI;
				PRODUCT_MODULE_NAME = "$(TARGET_NAME:c99extidentifier)";
				PRODUCT_NAME = "$(TARGET_NAME:c99extidentifier)";
				SKIP_INSTALL = YES;
				SWIFT_ACTIVE_COMPILATION_CONDITIONS = "$(inherited)";
				SWIFT_VERSION = 4.0;
				TARGET_NAME = RxGramAPI;
			};
			name = Debug;
		};
		OBJ_81 /* Release */ = {
			isa = XCBuildConfiguration;
			buildSettings = {
				ENABLE_TESTABILITY = YES;
				FRAMEWORK_SEARCH_PATHS = (
					"$(inherited)",
					"$(PLATFORM_DIR)/Developer/Library/Frameworks",
				);
				HEADER_SEARCH_PATHS = "$(inherited)";
				INFOPLIST_FILE = RxGramAPI.xcodeproj/RxGramAPI_Info.plist;
				LD_RUNPATH_SEARCH_PATHS = "$(inherited) $(TOOLCHAIN_DIR)/usr/lib/swift/macosx";
				OTHER_CFLAGS = "$(inherited)";
				OTHER_LDFLAGS = "$(inherited)";
				OTHER_SWIFT_FLAGS = "$(inherited)";
				PRODUCT_BUNDLE_IDENTIFIER = RxGramAPI;
				PRODUCT_MODULE_NAME = "$(TARGET_NAME:c99extidentifier)";
				PRODUCT_NAME = "$(TARGET_NAME:c99extidentifier)";
				SKIP_INSTALL = YES;
				SWIFT_ACTIVE_COMPILATION_CONDITIONS = "$(inherited)";
				SWIFT_VERSION = 4.0;
				TARGET_NAME = RxGramAPI;
			};
			name = Release;
		};
		OBJ_98 /* Debug */ = {
			isa = XCBuildConfiguration;
			buildSettings = {
				LD = /usr/bin/true;
				OTHER_SWIFT_FLAGS = "-swift-version 4 -I $(TOOLCHAIN_DIR)/usr/lib/swift/pm/4 -target x86_64-apple-macosx10.10 -sdk /Applications/Xcode.app/Contents/Developer/Platforms/MacOSX.platform/Developer/SDKs/MacOSX10.14.sdk";
				SWIFT_VERSION = 4.0;
			};
			name = Debug;
		};
		OBJ_99 /* Release */ = {
			isa = XCBuildConfiguration;
			buildSettings = {
				LD = /usr/bin/true;
				OTHER_SWIFT_FLAGS = "-swift-version 4 -I $(TOOLCHAIN_DIR)/usr/lib/swift/pm/4 -target x86_64-apple-macosx10.10 -sdk /Applications/Xcode.app/Contents/Developer/Platforms/MacOSX.platform/Developer/SDKs/MacOSX10.14.sdk";
				SWIFT_VERSION = 4.0;
			};
			name = Release;
		};
/* End XCBuildConfiguration section */

/* Begin XCConfigurationList section */
		OBJ_103 /* Build configuration list for PBXAggregateTarget "RxGramAPIPackageTests" */ = {
			isa = XCConfigurationList;
			buildConfigurations = (
				OBJ_104 /* Debug */,
				OBJ_105 /* Release */,
			);
			defaultConfigurationIsVisible = 0;
			defaultConfigurationName = Release;
		};
		OBJ_108 /* Build configuration list for PBXNativeTarget "RxGramAPITests" */ = {
			isa = XCConfigurationList;
			buildConfigurations = (
				OBJ_109 /* Debug */,
				OBJ_110 /* Release */,
			);
			defaultConfigurationIsVisible = 0;
			defaultConfigurationName = Release;
		};
		OBJ_2 /* Build configuration list for PBXProject "RxGramAPI" */ = {
			isa = XCConfigurationList;
			buildConfigurations = (
				OBJ_3 /* Debug */,
				OBJ_4 /* Release */,
			);
			defaultConfigurationIsVisible = 0;
			defaultConfigurationName = Release;
		};
		OBJ_50 /* Build configuration list for PBXNativeTarget "Alamofire" */ = {
			isa = XCConfigurationList;
			buildConfigurations = (
				OBJ_51 /* Debug */,
				OBJ_52 /* Release */,
			);
			defaultConfigurationIsVisible = 0;
			defaultConfigurationName = Release;
		};
		OBJ_73 /* Build configuration list for PBXNativeTarget "AlamofirePackageDescription" */ = {
			isa = XCConfigurationList;
			buildConfigurations = (
				OBJ_74 /* Debug */,
				OBJ_75 /* Release */,
			);
			defaultConfigurationIsVisible = 0;
			defaultConfigurationName = Release;
		};
		OBJ_79 /* Build configuration list for PBXNativeTarget "RxGramAPI" */ = {
			isa = XCConfigurationList;
			buildConfigurations = (
				OBJ_80 /* Debug */,
				OBJ_81 /* Release */,
			);
			defaultConfigurationIsVisible = 0;
			defaultConfigurationName = Release;
		};
		OBJ_97 /* Build configuration list for PBXNativeTarget "RxGramAPIPackageDescription" */ = {
			isa = XCConfigurationList;
			buildConfigurations = (
				OBJ_98 /* Debug */,
				OBJ_99 /* Release */,
			);
			defaultConfigurationIsVisible = 0;
			defaultConfigurationName = Release;
		};
/* End XCConfigurationList section */
	};
	rootObject = OBJ_1 /* Project object */;
}
