// !$*UTF8*$!
{
	archiveVersion = 1;
	classes = {
	};
	objectVersion = 46;
	objects = {

/* Begin PBXAggregateTarget section */
		"TwitterAPI::TwitterAPIPackageTests::ProductTarget" /* TwitterAPIPackageTests */ = {
			isa = PBXAggregateTarget;
			buildConfigurationList = OBJ_105 /* Build configuration list for PBXAggregateTarget "TwitterAPIPackageTests" */;
			buildPhases = (
			);
			dependencies = (
				OBJ_108 /* PBXTargetDependency */,
			);
			name = TwitterAPIPackageTests;
			productName = TwitterAPIPackageTests;
		};
/* End PBXAggregateTarget section */

/* Begin PBXBuildFile section */
		4A230120221897E30020136E /* Usertimeline.swift in Sources */ = {isa = PBXBuildFile; fileRef = 4A23011F221897E30020136E /* Usertimeline.swift */; };
		4A80165A22181EB600F1078C /* Hashtag.swift in Sources */ = {isa = PBXBuildFile; fileRef = 4A80165922181EB600F1078C /* Hashtag.swift */; };
		4A80165C22181EEF00F1078C /* Media.swift in Sources */ = {isa = PBXBuildFile; fileRef = 4A80165B22181EEF00F1078C /* Media.swift */; };
		4A80165E22181F0E00F1078C /* URLObject.swift in Sources */ = {isa = PBXBuildFile; fileRef = 4A80165D22181F0E00F1078C /* URLObject.swift */; };
		4AA01DF02218721B00706294 /* UserMention.swift in Sources */ = {isa = PBXBuildFile; fileRef = 4AA01DEF2218721B00706294 /* UserMention.swift */; };
		4AA01DF2221874B200706294 /* Symbol.swift in Sources */ = {isa = PBXBuildFile; fileRef = 4AA01DF1221874B200706294 /* Symbol.swift */; };
		4AA01DF4221879F400706294 /* BoundingBox.swift in Sources */ = {isa = PBXBuildFile; fileRef = 4AA01DF3221879F400706294 /* BoundingBox.swift */; };
		4AA01DFA22188BD500706294 /* TweetModelTestsCase.swift in Sources */ = {isa = PBXBuildFile; fileRef = 4AA01DF922188BD500706294 /* TweetModelTestsCase.swift */; };
		4AD4B13322099278001051AA /* Tweet.swift in Sources */ = {isa = PBXBuildFile; fileRef = 4AD4B13222099278001051AA /* Tweet.swift */; };
		4AD4B1352209C7CC001051AA /* Coordinate.swift in Sources */ = {isa = PBXBuildFile; fileRef = 4AD4B1342209C7CC001051AA /* Coordinate.swift */; };
		4AD4B1372209C7D9001051AA /* Place.swift in Sources */ = {isa = PBXBuildFile; fileRef = 4AD4B1362209C7D9001051AA /* Place.swift */; };
		4AD4B1392209C7F2001051AA /* User.swift in Sources */ = {isa = PBXBuildFile; fileRef = 4AD4B1382209C7F2001051AA /* User.swift */; };
		4AD4B13B2209C81E001051AA /* Entities.swift in Sources */ = {isa = PBXBuildFile; fileRef = 4AD4B13A2209C81E001051AA /* Entities.swift */; };
		OBJ_103 /* Package.swift in Sources */ = {isa = PBXBuildFile; fileRef = OBJ_6 /* Package.swift */; };
		OBJ_114 /* TwitterAPITests.swift in Sources */ = {isa = PBXBuildFile; fileRef = OBJ_23 /* TwitterAPITests.swift */; };
		OBJ_116 /* TwitterAPI.framework in Frameworks */ = {isa = PBXBuildFile; fileRef = "TwitterAPI::TwitterAPI::Product" /* TwitterAPI.framework */; };
		OBJ_117 /* Alamofire.framework in Frameworks */ = {isa = PBXBuildFile; fileRef = "Alamofire::Alamofire::Product" /* Alamofire.framework */; };
		OBJ_56 /* AFError.swift in Sources */ = {isa = PBXBuildFile; fileRef = OBJ_30 /* AFError.swift */; };
		OBJ_57 /* Alamofire.swift in Sources */ = {isa = PBXBuildFile; fileRef = OBJ_31 /* Alamofire.swift */; };
		OBJ_58 /* DispatchQueue+Alamofire.swift in Sources */ = {isa = PBXBuildFile; fileRef = OBJ_32 /* DispatchQueue+Alamofire.swift */; };
		OBJ_59 /* MultipartFormData.swift in Sources */ = {isa = PBXBuildFile; fileRef = OBJ_33 /* MultipartFormData.swift */; };
		OBJ_60 /* NetworkReachabilityManager.swift in Sources */ = {isa = PBXBuildFile; fileRef = OBJ_34 /* NetworkReachabilityManager.swift */; };
		OBJ_61 /* Notifications.swift in Sources */ = {isa = PBXBuildFile; fileRef = OBJ_35 /* Notifications.swift */; };
		OBJ_62 /* ParameterEncoding.swift in Sources */ = {isa = PBXBuildFile; fileRef = OBJ_36 /* ParameterEncoding.swift */; };
		OBJ_63 /* Request.swift in Sources */ = {isa = PBXBuildFile; fileRef = OBJ_37 /* Request.swift */; };
		OBJ_64 /* Response.swift in Sources */ = {isa = PBXBuildFile; fileRef = OBJ_38 /* Response.swift */; };
		OBJ_65 /* ResponseSerialization.swift in Sources */ = {isa = PBXBuildFile; fileRef = OBJ_39 /* ResponseSerialization.swift */; };
		OBJ_66 /* Result.swift in Sources */ = {isa = PBXBuildFile; fileRef = OBJ_40 /* Result.swift */; };
		OBJ_67 /* ServerTrustPolicy.swift in Sources */ = {isa = PBXBuildFile; fileRef = OBJ_41 /* ServerTrustPolicy.swift */; };
		OBJ_68 /* SessionDelegate.swift in Sources */ = {isa = PBXBuildFile; fileRef = OBJ_42 /* SessionDelegate.swift */; };
		OBJ_69 /* SessionManager.swift in Sources */ = {isa = PBXBuildFile; fileRef = OBJ_43 /* SessionManager.swift */; };
		OBJ_70 /* TaskDelegate.swift in Sources */ = {isa = PBXBuildFile; fileRef = OBJ_44 /* TaskDelegate.swift */; };
		OBJ_71 /* Timeline.swift in Sources */ = {isa = PBXBuildFile; fileRef = OBJ_45 /* Timeline.swift */; };
		OBJ_72 /* Validation.swift in Sources */ = {isa = PBXBuildFile; fileRef = OBJ_46 /* Validation.swift */; };
		OBJ_79 /* Package.swift in Sources */ = {isa = PBXBuildFile; fileRef = OBJ_29 /* Package.swift */; };
		OBJ_88 /* Network.swift in Sources */ = {isa = PBXBuildFile; fileRef = OBJ_13 /* Network.swift */; };
		OBJ_89 /* InstaConst.swift in Sources */ = {isa = PBXBuildFile; fileRef = OBJ_15 /* InstaConst.swift */; };
		OBJ_90 /* Instagram+Comment.swift in Sources */ = {isa = PBXBuildFile; fileRef = OBJ_16 /* Instagram+Comment.swift */; };
		OBJ_91 /* Instagram+Media.swift in Sources */ = {isa = PBXBuildFile; fileRef = OBJ_17 /* Instagram+Media.swift */; };
		OBJ_92 /* Instagram+User.swift in Sources */ = {isa = PBXBuildFile; fileRef = OBJ_18 /* Instagram+User.swift */; };
		OBJ_93 /* Routes.swift in Sources */ = {isa = PBXBuildFile; fileRef = OBJ_19 /* Routes.swift */; };
		OBJ_94 /* TwitterAPI.swift in Sources */ = {isa = PBXBuildFile; fileRef = OBJ_20 /* TwitterAPI.swift */; };
		OBJ_96 /* Alamofire.framework in Frameworks */ = {isa = PBXBuildFile; fileRef = "Alamofire::Alamofire::Product" /* Alamofire.framework */; };
/* End PBXBuildFile section */

/* Begin PBXContainerItemProxy section */
		4AD4B12E220990BB001051AA /* PBXContainerItemProxy */ = {
			isa = PBXContainerItemProxy;
			containerPortal = OBJ_1 /* Project object */;
			proxyType = 1;
			remoteGlobalIDString = "Alamofire::Alamofire";
			remoteInfo = Alamofire;
		};
		4AD4B12F220990BB001051AA /* PBXContainerItemProxy */ = {
			isa = PBXContainerItemProxy;
			containerPortal = OBJ_1 /* Project object */;
			proxyType = 1;
			remoteGlobalIDString = "TwitterAPI::TwitterAPI";
			remoteInfo = TwitterAPI;
		};
		4AD4B130220990BB001051AA /* PBXContainerItemProxy */ = {
			isa = PBXContainerItemProxy;
			containerPortal = OBJ_1 /* Project object */;
			proxyType = 1;
			remoteGlobalIDString = "Alamofire::Alamofire";
			remoteInfo = Alamofire;
		};
		4AD4B131220990BE001051AA /* PBXContainerItemProxy */ = {
			isa = PBXContainerItemProxy;
			containerPortal = OBJ_1 /* Project object */;
			proxyType = 1;
			remoteGlobalIDString = "TwitterAPI::TwitterAPITests";
			remoteInfo = TwitterAPITests;
		};
/* End PBXContainerItemProxy section */

/* Begin PBXFileReference section */
		4A23011F221897E30020136E /* Usertimeline.swift */ = {isa = PBXFileReference; lastKnownFileType = sourcecode.swift; path = Usertimeline.swift; sourceTree = "<group>"; };
		4A80165922181EB600F1078C /* Hashtag.swift */ = {isa = PBXFileReference; lastKnownFileType = sourcecode.swift; path = Hashtag.swift; sourceTree = "<group>"; };
		4A80165B22181EEF00F1078C /* Media.swift */ = {isa = PBXFileReference; lastKnownFileType = sourcecode.swift; path = Media.swift; sourceTree = "<group>"; };
		4A80165D22181F0E00F1078C /* URLObject.swift */ = {isa = PBXFileReference; lastKnownFileType = sourcecode.swift; path = URLObject.swift; sourceTree = "<group>"; };
		4AA01DEF2218721B00706294 /* UserMention.swift */ = {isa = PBXFileReference; lastKnownFileType = sourcecode.swift; path = UserMention.swift; sourceTree = "<group>"; };
		4AA01DF1221874B200706294 /* Symbol.swift */ = {isa = PBXFileReference; lastKnownFileType = sourcecode.swift; path = Symbol.swift; sourceTree = "<group>"; };
		4AA01DF3221879F400706294 /* BoundingBox.swift */ = {isa = PBXFileReference; lastKnownFileType = sourcecode.swift; path = BoundingBox.swift; sourceTree = "<group>"; };
		4AA01DF922188BD500706294 /* TweetModelTestsCase.swift */ = {isa = PBXFileReference; lastKnownFileType = sourcecode.swift; path = TweetModelTestsCase.swift; sourceTree = "<group>"; };
		4AD4B13222099278001051AA /* Tweet.swift */ = {isa = PBXFileReference; lastKnownFileType = sourcecode.swift; path = Tweet.swift; sourceTree = "<group>"; };
		4AD4B1342209C7CC001051AA /* Coordinate.swift */ = {isa = PBXFileReference; lastKnownFileType = sourcecode.swift; path = Coordinate.swift; sourceTree = "<group>"; };
		4AD4B1362209C7D9001051AA /* Place.swift */ = {isa = PBXFileReference; lastKnownFileType = sourcecode.swift; path = Place.swift; sourceTree = "<group>"; };
		4AD4B1382209C7F2001051AA /* User.swift */ = {isa = PBXFileReference; lastKnownFileType = sourcecode.swift; path = User.swift; sourceTree = "<group>"; };
		4AD4B13A2209C81E001051AA /* Entities.swift */ = {isa = PBXFileReference; lastKnownFileType = sourcecode.swift; path = Entities.swift; sourceTree = "<group>"; };
		"Alamofire::Alamofire::Product" /* Alamofire.framework */ = {isa = PBXFileReference; lastKnownFileType = wrapper.framework; path = Alamofire.framework; sourceTree = BUILT_PRODUCTS_DIR; };
		OBJ_13 /* Network.swift */ = {isa = PBXFileReference; lastKnownFileType = sourcecode.swift; path = Network.swift; sourceTree = "<group>"; };
		OBJ_15 /* InstaConst.swift */ = {isa = PBXFileReference; lastKnownFileType = sourcecode.swift; path = InstaConst.swift; sourceTree = "<group>"; };
		OBJ_16 /* Instagram+Comment.swift */ = {isa = PBXFileReference; lastKnownFileType = sourcecode.swift; path = "Instagram+Comment.swift"; sourceTree = "<group>"; };
		OBJ_17 /* Instagram+Media.swift */ = {isa = PBXFileReference; lastKnownFileType = sourcecode.swift; path = "Instagram+Media.swift"; sourceTree = "<group>"; };
		OBJ_18 /* Instagram+User.swift */ = {isa = PBXFileReference; lastKnownFileType = sourcecode.swift; path = "Instagram+User.swift"; sourceTree = "<group>"; };
		OBJ_19 /* Routes.swift */ = {isa = PBXFileReference; lastKnownFileType = sourcecode.swift; path = Routes.swift; sourceTree = "<group>"; };
		OBJ_20 /* TwitterAPI.swift */ = {isa = PBXFileReference; lastKnownFileType = sourcecode.swift; path = TwitterAPI.swift; sourceTree = "<group>"; };
		OBJ_23 /* TwitterAPITests.swift */ = {isa = PBXFileReference; lastKnownFileType = sourcecode.swift; path = TwitterAPITests.swift; sourceTree = "<group>"; };
		OBJ_24 /* Docs */ = {isa = PBXFileReference; lastKnownFileType = folder; path = Docs; sourceTree = SOURCE_ROOT; };
		OBJ_25 /* Configs */ = {isa = PBXFileReference; lastKnownFileType = folder; path = Configs; sourceTree = SOURCE_ROOT; };
		OBJ_26 /* fastlane */ = {isa = PBXFileReference; lastKnownFileType = folder; path = fastlane; sourceTree = SOURCE_ROOT; };
		OBJ_29 /* Package.swift */ = {isa = PBXFileReference; explicitFileType = sourcecode.swift; name = Package.swift; path = "/Users/kmachado/Documents/Perso/TwitterAPI/.build/checkouts/Alamofire.git--7997006608337861749/Package.swift"; sourceTree = "<group>"; };
		OBJ_30 /* AFError.swift */ = {isa = PBXFileReference; lastKnownFileType = sourcecode.swift; path = AFError.swift; sourceTree = "<group>"; };
		OBJ_31 /* Alamofire.swift */ = {isa = PBXFileReference; lastKnownFileType = sourcecode.swift; path = Alamofire.swift; sourceTree = "<group>"; };
		OBJ_32 /* DispatchQueue+Alamofire.swift */ = {isa = PBXFileReference; lastKnownFileType = sourcecode.swift; path = "DispatchQueue+Alamofire.swift"; sourceTree = "<group>"; };
		OBJ_33 /* MultipartFormData.swift */ = {isa = PBXFileReference; lastKnownFileType = sourcecode.swift; path = MultipartFormData.swift; sourceTree = "<group>"; };
		OBJ_34 /* NetworkReachabilityManager.swift */ = {isa = PBXFileReference; lastKnownFileType = sourcecode.swift; path = NetworkReachabilityManager.swift; sourceTree = "<group>"; };
		OBJ_35 /* Notifications.swift */ = {isa = PBXFileReference; lastKnownFileType = sourcecode.swift; path = Notifications.swift; sourceTree = "<group>"; };
		OBJ_36 /* ParameterEncoding.swift */ = {isa = PBXFileReference; lastKnownFileType = sourcecode.swift; path = ParameterEncoding.swift; sourceTree = "<group>"; };
		OBJ_37 /* Request.swift */ = {isa = PBXFileReference; lastKnownFileType = sourcecode.swift; path = Request.swift; sourceTree = "<group>"; };
		OBJ_38 /* Response.swift */ = {isa = PBXFileReference; lastKnownFileType = sourcecode.swift; path = Response.swift; sourceTree = "<group>"; };
		OBJ_39 /* ResponseSerialization.swift */ = {isa = PBXFileReference; lastKnownFileType = sourcecode.swift; path = ResponseSerialization.swift; sourceTree = "<group>"; };
		OBJ_40 /* Result.swift */ = {isa = PBXFileReference; lastKnownFileType = sourcecode.swift; path = Result.swift; sourceTree = "<group>"; };
		OBJ_41 /* ServerTrustPolicy.swift */ = {isa = PBXFileReference; lastKnownFileType = sourcecode.swift; path = ServerTrustPolicy.swift; sourceTree = "<group>"; };
		OBJ_42 /* SessionDelegate.swift */ = {isa = PBXFileReference; lastKnownFileType = sourcecode.swift; path = SessionDelegate.swift; sourceTree = "<group>"; };
		OBJ_43 /* SessionManager.swift */ = {isa = PBXFileReference; lastKnownFileType = sourcecode.swift; path = SessionManager.swift; sourceTree = "<group>"; };
		OBJ_44 /* TaskDelegate.swift */ = {isa = PBXFileReference; lastKnownFileType = sourcecode.swift; path = TaskDelegate.swift; sourceTree = "<group>"; };
		OBJ_45 /* Timeline.swift */ = {isa = PBXFileReference; lastKnownFileType = sourcecode.swift; path = Timeline.swift; sourceTree = "<group>"; };
		OBJ_46 /* Validation.swift */ = {isa = PBXFileReference; lastKnownFileType = sourcecode.swift; path = Validation.swift; sourceTree = "<group>"; };
		OBJ_6 /* Package.swift */ = {isa = PBXFileReference; explicitFileType = sourcecode.swift; path = Package.swift; sourceTree = "<group>"; };
		"TwitterAPI::TwitterAPI::Product" /* TwitterAPI.framework */ = {isa = PBXFileReference; lastKnownFileType = wrapper.framework; path = TwitterAPI.framework; sourceTree = BUILT_PRODUCTS_DIR; };
		"TwitterAPI::TwitterAPITests::Product" /* TwitterAPITests.xctest */ = {isa = PBXFileReference; lastKnownFileType = file; path = TwitterAPITests.xctest; sourceTree = BUILT_PRODUCTS_DIR; };
/* End PBXFileReference section */

/* Begin PBXFrameworksBuildPhase section */
		OBJ_115 /* Frameworks */ = {
			isa = PBXFrameworksBuildPhase;
			buildActionMask = 0;
			files = (
				OBJ_116 /* TwitterAPI.framework in Frameworks */,
				OBJ_117 /* Alamofire.framework in Frameworks */,
			);
			runOnlyForDeploymentPostprocessing = 0;
		};
		OBJ_73 /* Frameworks */ = {
			isa = PBXFrameworksBuildPhase;
			buildActionMask = 0;
			files = (
			);
			runOnlyForDeploymentPostprocessing = 0;
		};
		OBJ_95 /* Frameworks */ = {
			isa = PBXFrameworksBuildPhase;
			buildActionMask = 0;
			files = (
				OBJ_96 /* Alamofire.framework in Frameworks */,
			);
			runOnlyForDeploymentPostprocessing = 0;
		};
/* End PBXFrameworksBuildPhase section */

/* Begin PBXGroup section */
		4AA01DFC22188C5000706294 /* ModelJSON */ = {
			isa = PBXGroup;
			children = (
				4A23011F221897E30020136E /* Usertimeline.swift */,
			);
			path = ModelJSON;
			sourceTree = "<group>";
		};
		OBJ_12 /* NetworkLayer */ = {
			isa = PBXGroup;
			children = (
				OBJ_13 /* Network.swift */,
				OBJ_14 /* Routes */,
			);
			path = NetworkLayer;
			sourceTree = "<group>";
		};
		OBJ_14 /* Routes */ = {
			isa = PBXGroup;
			children = (
				OBJ_15 /* InstaConst.swift */,
				OBJ_16 /* Instagram+Comment.swift */,
				OBJ_17 /* Instagram+Media.swift */,
				OBJ_18 /* Instagram+User.swift */,
				OBJ_19 /* Routes.swift */,
			);
			path = Routes;
			sourceTree = "<group>";
		};
		OBJ_21 /* Tests */ = {
			isa = PBXGroup;
			children = (
				OBJ_22 /* TwitterAPITests */,
			);
			path = Tests;
			sourceTree = SOURCE_ROOT;
		};
		OBJ_22 /* TwitterAPITests */ = {
			isa = PBXGroup;
			children = (
				4AA01DFC22188C5000706294 /* ModelJSON */,
				OBJ_23 /* TwitterAPITests.swift */,
				4AA01DF922188BD500706294 /* TweetModelTestsCase.swift */,
			);
			path = TwitterAPITests;
			sourceTree = "<group>";
		};
		OBJ_27 /* Dependencies */ = {
			isa = PBXGroup;
			children = (
				OBJ_28 /* Alamofire 4.8.1 */,
			);
			name = Dependencies;
			sourceTree = "<group>";
		};
		OBJ_28 /* Alamofire 4.8.1 */ = {
			isa = PBXGroup;
			children = (
				OBJ_29 /* Package.swift */,
				OBJ_30 /* AFError.swift */,
				OBJ_31 /* Alamofire.swift */,
				OBJ_32 /* DispatchQueue+Alamofire.swift */,
				OBJ_33 /* MultipartFormData.swift */,
				OBJ_34 /* NetworkReachabilityManager.swift */,
				OBJ_35 /* Notifications.swift */,
				OBJ_36 /* ParameterEncoding.swift */,
				OBJ_37 /* Request.swift */,
				OBJ_38 /* Response.swift */,
				OBJ_39 /* ResponseSerialization.swift */,
				OBJ_40 /* Result.swift */,
				OBJ_41 /* ServerTrustPolicy.swift */,
				OBJ_42 /* SessionDelegate.swift */,
				OBJ_43 /* SessionManager.swift */,
				OBJ_44 /* TaskDelegate.swift */,
				OBJ_45 /* Timeline.swift */,
				OBJ_46 /* Validation.swift */,
			);
			name = "Alamofire 4.8.1";
			path = ".build/checkouts/Alamofire.git--7997006608337861749/Source";
			sourceTree = SOURCE_ROOT;
		};
		OBJ_47 /* Products */ = {
			isa = PBXGroup;
			children = (
				"TwitterAPI::TwitterAPI::Product" /* TwitterAPI.framework */,
				"TwitterAPI::TwitterAPITests::Product" /* TwitterAPITests.xctest */,
				"Alamofire::Alamofire::Product" /* Alamofire.framework */,
			);
			name = Products;
			sourceTree = BUILT_PRODUCTS_DIR;
		};
		OBJ_5 = {
			isa = PBXGroup;
			children = (
				OBJ_6 /* Package.swift */,
				OBJ_7 /* Sources */,
				OBJ_21 /* Tests */,
				OBJ_24 /* Docs */,
				OBJ_25 /* Configs */,
				OBJ_26 /* fastlane */,
				OBJ_27 /* Dependencies */,
				OBJ_47 /* Products */,
			);
			sourceTree = "<group>";
		};
		OBJ_7 /* Sources */ = {
			isa = PBXGroup;
			children = (
				OBJ_8 /* Models */,
				OBJ_12 /* NetworkLayer */,
				OBJ_20 /* TwitterAPI.swift */,
			);
			path = Sources;
			sourceTree = SOURCE_ROOT;
		};
		OBJ_8 /* Models */ = {
			isa = PBXGroup;
			children = (
				4AD4B13222099278001051AA /* Tweet.swift */,
				4AD4B1342209C7CC001051AA /* Coordinate.swift */,
				4AD4B1362209C7D9001051AA /* Place.swift */,
				4AD4B1382209C7F2001051AA /* User.swift */,
				4AD4B13A2209C81E001051AA /* Entities.swift */,
				4A80165922181EB600F1078C /* Hashtag.swift */,
				4A80165B22181EEF00F1078C /* Media.swift */,
				4A80165D22181F0E00F1078C /* URLObject.swift */,
				4AA01DEF2218721B00706294 /* UserMention.swift */,
				4AA01DF1221874B200706294 /* Symbol.swift */,
				4AA01DF3221879F400706294 /* BoundingBox.swift */,
			);
			path = Models;
			sourceTree = "<group>";
		};
/* End PBXGroup section */

/* Begin PBXNativeTarget section */
		"Alamofire::Alamofire" /* Alamofire */ = {
			isa = PBXNativeTarget;
			buildConfigurationList = OBJ_52 /* Build configuration list for PBXNativeTarget "Alamofire" */;
			buildPhases = (
				OBJ_55 /* Sources */,
				OBJ_73 /* Frameworks */,
			);
			buildRules = (
			);
			dependencies = (
			);
			name = Alamofire;
			productName = Alamofire;
			productReference = "Alamofire::Alamofire::Product" /* Alamofire.framework */;
			productType = "com.apple.product-type.framework";
		};
		"Alamofire::SwiftPMPackageDescription" /* AlamofirePackageDescription */ = {
			isa = PBXNativeTarget;
			buildConfigurationList = OBJ_75 /* Build configuration list for PBXNativeTarget "AlamofirePackageDescription" */;
			buildPhases = (
				OBJ_78 /* Sources */,
			);
			buildRules = (
			);
			dependencies = (
			);
			name = AlamofirePackageDescription;
			productName = AlamofirePackageDescription;
			productType = "com.apple.product-type.framework";
		};
		"TwitterAPI::SwiftPMPackageDescription" /* TwitterAPIPackageDescription */ = {
			isa = PBXNativeTarget;
			buildConfigurationList = OBJ_99 /* Build configuration list for PBXNativeTarget "TwitterAPIPackageDescription" */;
			buildPhases = (
				OBJ_102 /* Sources */,
			);
			buildRules = (
			);
			dependencies = (
			);
			name = TwitterAPIPackageDescription;
			productName = TwitterAPIPackageDescription;
			productType = "com.apple.product-type.framework";
		};
		"TwitterAPI::TwitterAPI" /* TwitterAPI */ = {
			isa = PBXNativeTarget;
			buildConfigurationList = OBJ_81 /* Build configuration list for PBXNativeTarget "TwitterAPI" */;
			buildPhases = (
				OBJ_84 /* Sources */,
				OBJ_95 /* Frameworks */,
			);
			buildRules = (
			);
			dependencies = (
				OBJ_97 /* PBXTargetDependency */,
			);
			name = TwitterAPI;
			productName = TwitterAPI;
			productReference = "TwitterAPI::TwitterAPI::Product" /* TwitterAPI.framework */;
			productType = "com.apple.product-type.framework";
		};
		"TwitterAPI::TwitterAPITests" /* TwitterAPITests */ = {
			isa = PBXNativeTarget;
			buildConfigurationList = OBJ_110 /* Build configuration list for PBXNativeTarget "TwitterAPITests" */;
			buildPhases = (
				OBJ_113 /* Sources */,
				OBJ_115 /* Frameworks */,
			);
			buildRules = (
			);
			dependencies = (
				OBJ_118 /* PBXTargetDependency */,
				OBJ_119 /* PBXTargetDependency */,
			);
			name = TwitterAPITests;
			productName = TwitterAPITests;
			productReference = "TwitterAPI::TwitterAPITests::Product" /* TwitterAPITests.xctest */;
			productType = "com.apple.product-type.bundle.unit-test";
		};
/* End PBXNativeTarget section */

/* Begin PBXProject section */
		OBJ_1 /* Project object */ = {
			isa = PBXProject;
			attributes = {
				LastUpgradeCheck = 9999;
			};
			buildConfigurationList = OBJ_2 /* Build configuration list for PBXProject "TwitterAPI" */;
			compatibilityVersion = "Xcode 3.2";
			developmentRegion = English;
			hasScannedForEncodings = 0;
			knownRegions = (
				en,
			);
			mainGroup = OBJ_5;
			productRefGroup = OBJ_47 /* Products */;
			projectDirPath = "";
			projectRoot = "";
			targets = (
				"Alamofire::Alamofire" /* Alamofire */,
				"Alamofire::SwiftPMPackageDescription" /* AlamofirePackageDescription */,
				"TwitterAPI::TwitterAPI" /* TwitterAPI */,
				"TwitterAPI::SwiftPMPackageDescription" /* TwitterAPIPackageDescription */,
				"TwitterAPI::TwitterAPIPackageTests::ProductTarget" /* TwitterAPIPackageTests */,
				"TwitterAPI::TwitterAPITests" /* TwitterAPITests */,
			);
		};
/* End PBXProject section */

/* Begin PBXSourcesBuildPhase section */
		OBJ_102 /* Sources */ = {
			isa = PBXSourcesBuildPhase;
			buildActionMask = 0;
			files = (
				OBJ_103 /* Package.swift in Sources */,
			);
			runOnlyForDeploymentPostprocessing = 0;
		};
		OBJ_113 /* Sources */ = {
			isa = PBXSourcesBuildPhase;
			buildActionMask = 0;
			files = (
				4A230120221897E30020136E /* Usertimeline.swift in Sources */,
				OBJ_114 /* TwitterAPITests.swift in Sources */,
				4AA01DFA22188BD500706294 /* TweetModelTestsCase.swift in Sources */,
			);
			runOnlyForDeploymentPostprocessing = 0;
		};
		OBJ_55 /* Sources */ = {
			isa = PBXSourcesBuildPhase;
			buildActionMask = 0;
			files = (
				OBJ_56 /* AFError.swift in Sources */,
				OBJ_57 /* Alamofire.swift in Sources */,
				OBJ_58 /* DispatchQueue+Alamofire.swift in Sources */,
				OBJ_59 /* MultipartFormData.swift in Sources */,
				OBJ_60 /* NetworkReachabilityManager.swift in Sources */,
				OBJ_61 /* Notifications.swift in Sources */,
				OBJ_62 /* ParameterEncoding.swift in Sources */,
				OBJ_63 /* Request.swift in Sources */,
				OBJ_64 /* Response.swift in Sources */,
				OBJ_65 /* ResponseSerialization.swift in Sources */,
				OBJ_66 /* Result.swift in Sources */,
				OBJ_67 /* ServerTrustPolicy.swift in Sources */,
				OBJ_68 /* SessionDelegate.swift in Sources */,
				OBJ_69 /* SessionManager.swift in Sources */,
				OBJ_70 /* TaskDelegate.swift in Sources */,
				OBJ_71 /* Timeline.swift in Sources */,
				OBJ_72 /* Validation.swift in Sources */,
			);
			runOnlyForDeploymentPostprocessing = 0;
		};
		OBJ_78 /* Sources */ = {
			isa = PBXSourcesBuildPhase;
			buildActionMask = 0;
			files = (
				OBJ_79 /* Package.swift in Sources */,
			);
			runOnlyForDeploymentPostprocessing = 0;
		};
		OBJ_84 /* Sources */ = {
			isa = PBXSourcesBuildPhase;
			buildActionMask = 0;
			files = (
				OBJ_88 /* Network.swift in Sources */,
				4A80165E22181F0E00F1078C /* URLObject.swift in Sources */,
				OBJ_89 /* InstaConst.swift in Sources */,
				4AA01DF4221879F400706294 /* BoundingBox.swift in Sources */,
				4A80165C22181EEF00F1078C /* Media.swift in Sources */,
				4A80165A22181EB600F1078C /* Hashtag.swift in Sources */,
				4AA01DF02218721B00706294 /* UserMention.swift in Sources */,
				OBJ_90 /* Instagram+Comment.swift in Sources */,
				OBJ_91 /* Instagram+Media.swift in Sources */,
				OBJ_92 /* Instagram+User.swift in Sources */,
				4AD4B1352209C7CC001051AA /* Coordinate.swift in Sources */,
				4AD4B13B2209C81E001051AA /* Entities.swift in Sources */,
				OBJ_93 /* Routes.swift in Sources */,
				OBJ_94 /* TwitterAPI.swift in Sources */,
				4AD4B13322099278001051AA /* Tweet.swift in Sources */,
				4AA01DF2221874B200706294 /* Symbol.swift in Sources */,
				4AD4B1372209C7D9001051AA /* Place.swift in Sources */,
				4AD4B1392209C7F2001051AA /* User.swift in Sources */,
			);
			runOnlyForDeploymentPostprocessing = 0;
		};
/* End PBXSourcesBuildPhase section */

/* Begin PBXTargetDependency section */
		OBJ_108 /* PBXTargetDependency */ = {
			isa = PBXTargetDependency;
			target = "TwitterAPI::TwitterAPITests" /* TwitterAPITests */;
			targetProxy = 4AD4B131220990BE001051AA /* PBXContainerItemProxy */;
		};
		OBJ_118 /* PBXTargetDependency */ = {
			isa = PBXTargetDependency;
			target = "TwitterAPI::TwitterAPI" /* TwitterAPI */;
			targetProxy = 4AD4B12F220990BB001051AA /* PBXContainerItemProxy */;
		};
		OBJ_119 /* PBXTargetDependency */ = {
			isa = PBXTargetDependency;
			target = "Alamofire::Alamofire" /* Alamofire */;
			targetProxy = 4AD4B130220990BB001051AA /* PBXContainerItemProxy */;
		};
		OBJ_97 /* PBXTargetDependency */ = {
			isa = PBXTargetDependency;
			target = "Alamofire::Alamofire" /* Alamofire */;
			targetProxy = 4AD4B12E220990BB001051AA /* PBXContainerItemProxy */;
		};
/* End PBXTargetDependency section */

/* Begin XCBuildConfiguration section */
		OBJ_100 /* Debug */ = {
			isa = XCBuildConfiguration;
			buildSettings = {
				LD = /usr/bin/true;
				OTHER_SWIFT_FLAGS = "-swift-version 4 -I $(TOOLCHAIN_DIR)/usr/lib/swift/pm/4 -target x86_64-apple-macosx10.10 -sdk /Applications/Xcode.app/Contents/Developer/Platforms/MacOSX.platform/Developer/SDKs/MacOSX10.14.sdk";
				SWIFT_VERSION = 4.0;
			};
			name = Debug;
		};
		OBJ_101 /* Release */ = {
			isa = XCBuildConfiguration;
			buildSettings = {
				LD = /usr/bin/true;
				OTHER_SWIFT_FLAGS = "-swift-version 4 -I $(TOOLCHAIN_DIR)/usr/lib/swift/pm/4 -target x86_64-apple-macosx10.10 -sdk /Applications/Xcode.app/Contents/Developer/Platforms/MacOSX.platform/Developer/SDKs/MacOSX10.14.sdk";
				SWIFT_VERSION = 4.0;
			};
			name = Release;
		};
		OBJ_106 /* Debug */ = {
			isa = XCBuildConfiguration;
			buildSettings = {
			};
			name = Debug;
		};
		OBJ_107 /* Release */ = {
			isa = XCBuildConfiguration;
			buildSettings = {
			};
			name = Release;
		};
		OBJ_111 /* Debug */ = {
			isa = XCBuildConfiguration;
			buildSettings = {
				CLANG_ENABLE_MODULES = YES;
				EMBEDDED_CONTENT_CONTAINS_SWIFT = YES;
				FRAMEWORK_SEARCH_PATHS = (
					"$(inherited)",
					"$(PLATFORM_DIR)/Developer/Library/Frameworks",
				);
				HEADER_SEARCH_PATHS = "$(inherited)";
				INFOPLIST_FILE = TwitterAPI.xcodeproj/TwitterAPITests_Info.plist;
				LD_RUNPATH_SEARCH_PATHS = "$(inherited) @loader_path/../Frameworks @loader_path/Frameworks";
				OTHER_CFLAGS = "$(inherited)";
				OTHER_LDFLAGS = "$(inherited)";
				OTHER_SWIFT_FLAGS = "$(inherited)";
				SWIFT_ACTIVE_COMPILATION_CONDITIONS = "$(inherited)";
				SWIFT_VERSION = 4.0;
				TARGET_NAME = TwitterAPITests;
			};
			name = Debug;
		};
		OBJ_112 /* Release */ = {
			isa = XCBuildConfiguration;
			buildSettings = {
				CLANG_ENABLE_MODULES = YES;
				EMBEDDED_CONTENT_CONTAINS_SWIFT = YES;
				FRAMEWORK_SEARCH_PATHS = (
					"$(inherited)",
					"$(PLATFORM_DIR)/Developer/Library/Frameworks",
				);
				HEADER_SEARCH_PATHS = "$(inherited)";
				INFOPLIST_FILE = TwitterAPI.xcodeproj/TwitterAPITests_Info.plist;
				LD_RUNPATH_SEARCH_PATHS = "$(inherited) @loader_path/../Frameworks @loader_path/Frameworks";
				OTHER_CFLAGS = "$(inherited)";
				OTHER_LDFLAGS = "$(inherited)";
				OTHER_SWIFT_FLAGS = "$(inherited)";
				SWIFT_ACTIVE_COMPILATION_CONDITIONS = "$(inherited)";
				SWIFT_VERSION = 4.0;
				TARGET_NAME = TwitterAPITests;
			};
			name = Release;
		};
		OBJ_3 /* Debug */ = {
			isa = XCBuildConfiguration;
			buildSettings = {
				CLANG_ENABLE_OBJC_ARC = YES;
				COMBINE_HIDPI_IMAGES = YES;
				COPY_PHASE_STRIP = NO;
				DEBUG_INFORMATION_FORMAT = dwarf;
				DYLIB_INSTALL_NAME_BASE = "@rpath";
				ENABLE_NS_ASSERTIONS = YES;
				GCC_OPTIMIZATION_LEVEL = 0;
				GCC_PREPROCESSOR_DEFINITIONS = (
					"DEBUG=1",
					"$(inherited)",
				);
				MACOSX_DEPLOYMENT_TARGET = 10.10;
				ONLY_ACTIVE_ARCH = YES;
				OTHER_SWIFT_FLAGS = "-DXcode";
				PRODUCT_NAME = "$(TARGET_NAME)";
				SDKROOT = macosx;
				SUPPORTED_PLATFORMS = "macosx iphoneos iphonesimulator appletvos appletvsimulator watchos watchsimulator";
				SWIFT_ACTIVE_COMPILATION_CONDITIONS = "SWIFT_PACKAGE DEBUG";
				SWIFT_OPTIMIZATION_LEVEL = "-Onone";
				USE_HEADERMAP = NO;
			};
			name = Debug;
		};
		OBJ_4 /* Release */ = {
			isa = XCBuildConfiguration;
			buildSettings = {
				CLANG_ENABLE_OBJC_ARC = YES;
				COMBINE_HIDPI_IMAGES = YES;
				COPY_PHASE_STRIP = YES;
				DEBUG_INFORMATION_FORMAT = "dwarf-with-dsym";
				DYLIB_INSTALL_NAME_BASE = "@rpath";
				GCC_OPTIMIZATION_LEVEL = s;
				MACOSX_DEPLOYMENT_TARGET = 10.10;
				OTHER_SWIFT_FLAGS = "-DXcode";
				PRODUCT_NAME = "$(TARGET_NAME)";
				SDKROOT = macosx;
				SUPPORTED_PLATFORMS = "macosx iphoneos iphonesimulator appletvos appletvsimulator watchos watchsimulator";
				SWIFT_ACTIVE_COMPILATION_CONDITIONS = SWIFT_PACKAGE;
				SWIFT_OPTIMIZATION_LEVEL = "-Owholemodule";
				USE_HEADERMAP = NO;
			};
			name = Release;
		};
		OBJ_53 /* Debug */ = {
			isa = XCBuildConfiguration;
			buildSettings = {
				ENABLE_TESTABILITY = YES;
				FRAMEWORK_SEARCH_PATHS = (
					"$(inherited)",
					"$(PLATFORM_DIR)/Developer/Library/Frameworks",
				);
				HEADER_SEARCH_PATHS = "$(inherited)";
				INFOPLIST_FILE = TwitterAPI.xcodeproj/Alamofire_Info.plist;
				LD_RUNPATH_SEARCH_PATHS = "$(inherited) $(TOOLCHAIN_DIR)/usr/lib/swift/macosx";
				OTHER_CFLAGS = "$(inherited)";
				OTHER_LDFLAGS = "$(inherited)";
				OTHER_SWIFT_FLAGS = "$(inherited)";
				PRODUCT_BUNDLE_IDENTIFIER = Alamofire;
				PRODUCT_MODULE_NAME = "$(TARGET_NAME:c99extidentifier)";
				PRODUCT_NAME = "$(TARGET_NAME:c99extidentifier)";
				SKIP_INSTALL = YES;
				SWIFT_ACTIVE_COMPILATION_CONDITIONS = "$(inherited)";
				SWIFT_VERSION = 4.0;
				TARGET_NAME = Alamofire;
			};
			name = Debug;
		};
		OBJ_54 /* Release */ = {
			isa = XCBuildConfiguration;
			buildSettings = {
				ENABLE_TESTABILITY = YES;
				FRAMEWORK_SEARCH_PATHS = (
					"$(inherited)",
					"$(PLATFORM_DIR)/Developer/Library/Frameworks",
				);
				HEADER_SEARCH_PATHS = "$(inherited)";
				INFOPLIST_FILE = TwitterAPI.xcodeproj/Alamofire_Info.plist;
				LD_RUNPATH_SEARCH_PATHS = "$(inherited) $(TOOLCHAIN_DIR)/usr/lib/swift/macosx";
				OTHER_CFLAGS = "$(inherited)";
				OTHER_LDFLAGS = "$(inherited)";
				OTHER_SWIFT_FLAGS = "$(inherited)";
				PRODUCT_BUNDLE_IDENTIFIER = Alamofire;
				PRODUCT_MODULE_NAME = "$(TARGET_NAME:c99extidentifier)";
				PRODUCT_NAME = "$(TARGET_NAME:c99extidentifier)";
				SKIP_INSTALL = YES;
				SWIFT_ACTIVE_COMPILATION_CONDITIONS = "$(inherited)";
				SWIFT_VERSION = 4.0;
				TARGET_NAME = Alamofire;
			};
			name = Release;
		};
		OBJ_76 /* Debug */ = {
			isa = XCBuildConfiguration;
			buildSettings = {
				LD = /usr/bin/true;
				OTHER_SWIFT_FLAGS = "-swift-version 4 -I $(TOOLCHAIN_DIR)/usr/lib/swift/pm/4 -target x86_64-apple-macosx10.10 -sdk /Applications/Xcode.app/Contents/Developer/Platforms/MacOSX.platform/Developer/SDKs/MacOSX10.14.sdk";
				SWIFT_VERSION = 4.0;
			};
			name = Debug;
		};
		OBJ_77 /* Release */ = {
			isa = XCBuildConfiguration;
			buildSettings = {
				LD = /usr/bin/true;
				OTHER_SWIFT_FLAGS = "-swift-version 4 -I $(TOOLCHAIN_DIR)/usr/lib/swift/pm/4 -target x86_64-apple-macosx10.10 -sdk /Applications/Xcode.app/Contents/Developer/Platforms/MacOSX.platform/Developer/SDKs/MacOSX10.14.sdk";
				SWIFT_VERSION = 4.0;
			};
			name = Release;
		};
		OBJ_82 /* Debug */ = {
			isa = XCBuildConfiguration;
			buildSettings = {
				ENABLE_TESTABILITY = YES;
				FRAMEWORK_SEARCH_PATHS = (
					"$(inherited)",
					"$(PLATFORM_DIR)/Developer/Library/Frameworks",
				);
				HEADER_SEARCH_PATHS = "$(inherited)";
				INFOPLIST_FILE = TwitterAPI.xcodeproj/TwitterAPI_Info.plist;
				LD_RUNPATH_SEARCH_PATHS = "$(inherited) $(TOOLCHAIN_DIR)/usr/lib/swift/macosx";
				OTHER_CFLAGS = "$(inherited)";
				OTHER_LDFLAGS = "$(inherited)";
				OTHER_SWIFT_FLAGS = "$(inherited)";
				PRODUCT_BUNDLE_IDENTIFIER = TwitterAPI;
				PRODUCT_MODULE_NAME = "$(TARGET_NAME:c99extidentifier)";
				PRODUCT_NAME = "$(TARGET_NAME:c99extidentifier)";
				SKIP_INSTALL = YES;
				SWIFT_ACTIVE_COMPILATION_CONDITIONS = "$(inherited)";
				SWIFT_VERSION = 4.0;
				TARGET_NAME = TwitterAPI;
			};
			name = Debug;
		};
		OBJ_83 /* Release */ = {
			isa = XCBuildConfiguration;
			buildSettings = {
				ENABLE_TESTABILITY = YES;
				FRAMEWORK_SEARCH_PATHS = (
					"$(inherited)",
					"$(PLATFORM_DIR)/Developer/Library/Frameworks",
				);
				HEADER_SEARCH_PATHS = "$(inherited)";
				INFOPLIST_FILE = TwitterAPI.xcodeproj/TwitterAPI_Info.plist;
				LD_RUNPATH_SEARCH_PATHS = "$(inherited) $(TOOLCHAIN_DIR)/usr/lib/swift/macosx";
				OTHER_CFLAGS = "$(inherited)";
				OTHER_LDFLAGS = "$(inherited)";
				OTHER_SWIFT_FLAGS = "$(inherited)";
				PRODUCT_BUNDLE_IDENTIFIER = TwitterAPI;
				PRODUCT_MODULE_NAME = "$(TARGET_NAME:c99extidentifier)";
				PRODUCT_NAME = "$(TARGET_NAME:c99extidentifier)";
				SKIP_INSTALL = YES;
				SWIFT_ACTIVE_COMPILATION_CONDITIONS = "$(inherited)";
				SWIFT_VERSION = 4.0;
				TARGET_NAME = TwitterAPI;
			};
			name = Release;
		};
/* End XCBuildConfiguration section */

/* Begin XCConfigurationList section */
		OBJ_105 /* Build configuration list for PBXAggregateTarget "TwitterAPIPackageTests" */ = {
			isa = XCConfigurationList;
			buildConfigurations = (
				OBJ_106 /* Debug */,
				OBJ_107 /* Release */,
			);
			defaultConfigurationIsVisible = 0;
			defaultConfigurationName = Release;
		};
		OBJ_110 /* Build configuration list for PBXNativeTarget "TwitterAPITests" */ = {
			isa = XCConfigurationList;
			buildConfigurations = (
				OBJ_111 /* Debug */,
				OBJ_112 /* Release */,
			);
			defaultConfigurationIsVisible = 0;
			defaultConfigurationName = Release;
		};
		OBJ_2 /* Build configuration list for PBXProject "TwitterAPI" */ = {
			isa = XCConfigurationList;
			buildConfigurations = (
				OBJ_3 /* Debug */,
				OBJ_4 /* Release */,
			);
			defaultConfigurationIsVisible = 0;
			defaultConfigurationName = Release;
		};
		OBJ_52 /* Build configuration list for PBXNativeTarget "Alamofire" */ = {
			isa = XCConfigurationList;
			buildConfigurations = (
				OBJ_53 /* Debug */,
				OBJ_54 /* Release */,
			);
			defaultConfigurationIsVisible = 0;
			defaultConfigurationName = Release;
		};
		OBJ_75 /* Build configuration list for PBXNativeTarget "AlamofirePackageDescription" */ = {
			isa = XCConfigurationList;
			buildConfigurations = (
				OBJ_76 /* Debug */,
				OBJ_77 /* Release */,
			);
			defaultConfigurationIsVisible = 0;
			defaultConfigurationName = Release;
		};
		OBJ_81 /* Build configuration list for PBXNativeTarget "TwitterAPI" */ = {
			isa = XCConfigurationList;
			buildConfigurations = (
				OBJ_82 /* Debug */,
				OBJ_83 /* Release */,
			);
			defaultConfigurationIsVisible = 0;
			defaultConfigurationName = Release;
		};
		OBJ_99 /* Build configuration list for PBXNativeTarget "TwitterAPIPackageDescription" */ = {
			isa = XCConfigurationList;
			buildConfigurations = (
				OBJ_100 /* Debug */,
				OBJ_101 /* Release */,
			);
			defaultConfigurationIsVisible = 0;
			defaultConfigurationName = Release;
		};
/* End XCConfigurationList section */
	};
	rootObject = OBJ_1 /* Project object */;
}
